
Microsoft Visual Studio Solution File, Format Version 12.00
# Visual Studio Version 16
VisualStudioVersion = 16.0.30309.148
MinimumVisualStudioVersion = 10.0.40219.1
Project("{9A19103F-16F7-4668-BE54-9A1E7A4F7556}") = "Asp.net-redis", "Asp.net-redis\Asp.net-redis.csproj", "{315D036E-5806-4DB2-AF51-98549F8A603E}"
EndProject
Global
	GlobalSection(SolutionConfigurationPlatforms) = preSolution
		Debug|Any CPU = Debug|Any CPU
		Release|Any CPU = Release|Any CPU
	EndGlobalSection
	GlobalSection(ProjectConfigurationPlatforms) = postSolution
		{315D036E-5806-4DB2-AF51-98549F8A603E}.Debug|Any CPU.ActiveCfg = Debug|Any CPU
		{315D036E-5806-4DB2-AF51-98549F8A603E}.Debug|Any CPU.Build.0 = Debug|Any CPU
		{315D036E-5806-4DB2-AF51-98549F8A603E}.Release|Any CPU.ActiveCfg = Release|Any CPU
		{315D036E-5806-4DB2-AF51-98549F8A603E}.Release|Any CPU.Build.0 = Release|Any CPU
	EndGlobalSection
	GlobalSection(SolutionProperties) = preSolution
		HideSolutionNode = FALSE
	EndGlobalSection
	GlobalSection(ExtensibilityGlobals) = postSolution
		SolutionGuid = {32D3658F-09B7-4DE2-8CC3-6F80EF9637D8}
	EndGlobalSection
EndGlobal
